Microsoft Visual Studio Solution File, Format Version 12.00
# Visual Studio Version 17
VisualStudioVersion = 17.5.2.0
MinimumVisualStudioVersion = 10.0.40219.1
Project("{2150E333-8FDC-42A3-9474-1A3956D46DE8}") = "Services", "Services", "{5854FF58-B8C5-05C6-5BF2-ACE42193F22B}"
EndProject
Project("{FAE04EC0-301F-11D3-BF4B-00C04F79EFBC}") = "Gateway", "Services\Gateway\Gateway.csproj", "{F43947B9-0296-D70D-8E35-C807B831520D}"
EndProject
Project("{FAE04EC0-301F-11D3-BF4B-00C04F79EFBC}") = "Common", "Services\Common\Common.csproj", "{C3C5B238-4E99-4834-9167-34D4CCE3A696}"
EndProject
Project("{FAE04EC0-301F-11D3-BF4B-00C04F79EFBC}") = "Products", "Services\Products\Products.csproj", "{F7336A94-F8F5-4D1C-9B9E-02704319EEE9}"
EndProject
Project("{FAE04EC0-301F-11D3-BF4B-00C04F79EFBC}") = "Common.Tests", "Tests\Common.Tests\Common.Tests.csproj", "{C6B2AD09-51F6-40CC-A3DA-C7389D2BD7DD}"
EndProject
Project("{FAE04EC0-301F-11D3-BF4B-00C04F79EFBC}") = "Products.Tests", "Tests\Products.Tests\Products.Tests.csproj", "{339BCC63-998F-487A-8CA9-5B1CD19E61D0}"
EndProject
Project("{FAE04EC0-301F-11D3-BF4B-00C04F79EFBC}") = "App", "App\App.csproj", "{425B6FC7-5F92-43CE-A0B3-9ACCD78E79E3}"
EndProject
Project("{FAE04EC0-301F-11D3-BF4B-00C04F79EFBC}") = "Cart", "Services\Cart\Cart.csproj", "{E6BD1C98-6792-4EEF-B51E-2E5C269AA2A2}"
EndProject
Project("{FAE04EC0-301F-11D3-BF4B-00C04F79EFBC}") = "App.Tests", "Tests\App.Tests\App.Tests.csproj", "{5924FA67-6756-417E-88E3-BF7C9E54AD91}"
EndProject
Project("{FAE04EC0-301F-11D3-BF4B-00C04F79EFBC}") = "Recommendations", "Services\Recommendations\Recommendations.csproj", "{DE441B71-D375-410A-B2D2-AB73E8A8F8F8}"
EndProject
Project("{2150E333-8FDC-42A3-9474-1A3956D46DE8}") = "Tests", "Tests", "{3F509FC2-181F-4086-9481-4D7938C7726D}"
EndProject
Project("{FAE04EC0-301F-11D3-BF4B-00C04F79EFBC}") = "Recommendations.Tests", "Tests\Recommendations.Tests\Recommendations.Tests.csproj", "{6A860A24-4F64-45AF-AEC9-571A1D43067D}"
EndProject
Project("{FAE04EC0-301F-11D3-BF4B-00C04F79EFBC}") = "Cart.Tests", "Tests\Cart.Tests\Cart.Tests.csproj", "{D4822BA9-7F68-4F76-A192-840EE3867F5D}"
EndProject
Global
	GlobalSection(SolutionConfigurationPlatforms) = preSolution
		Debug|Any CPU = Debug|Any CPU
		Release|Any CPU = Release|Any CPU
	EndGlobalSection
	GlobalSection(ProjectConfigurationPlatforms) = postSolution
		{F43947B9-0296-D70D-8E35-C807B831520D}.Debug|Any CPU.ActiveCfg = Debug|Any CPU
		{F43947B9-0296-D70D-8E35-C807B831520D}.Debug|Any CPU.Build.0 = Debug|Any CPU
		{F43947B9-0296-D70D-8E35-C807B831520D}.Release|Any CPU.ActiveCfg = Release|Any CPU
		{F43947B9-0296-D70D-8E35-C807B831520D}.Release|Any CPU.Build.0 = Release|Any CPU
		{C3C5B238-4E99-4834-9167-34D4CCE3A696}.Debug|Any CPU.ActiveCfg = Debug|Any CPU
		{C3C5B238-4E99-4834-9167-34D4CCE3A696}.Debug|Any CPU.Build.0 = Debug|Any CPU
		{C3C5B238-4E99-4834-9167-34D4CCE3A696}.Release|Any CPU.ActiveCfg = Release|Any CPU
		{C3C5B238-4E99-4834-9167-34D4CCE3A696}.Release|Any CPU.Build.0 = Release|Any CPU
		{F7336A94-F8F5-4D1C-9B9E-02704319EEE9}.Debug|Any CPU.ActiveCfg = Debug|Any CPU
		{F7336A94-F8F5-4D1C-9B9E-02704319EEE9}.Debug|Any CPU.Build.0 = Debug|Any CPU
		{F7336A94-F8F5-4D1C-9B9E-02704319EEE9}.Release|Any CPU.ActiveCfg = Release|Any CPU
		{F7336A94-F8F5-4D1C-9B9E-02704319EEE9}.Release|Any CPU.Build.0 = Release|Any CPU
		{C6B2AD09-51F6-40CC-A3DA-C7389D2BD7DD}.Debug|Any CPU.ActiveCfg = Debug|Any CPU
		{C6B2AD09-51F6-40CC-A3DA-C7389D2BD7DD}.Debug|Any CPU.Build.0 = Debug|Any CPU
		{C6B2AD09-51F6-40CC-A3DA-C7389D2BD7DD}.Release|Any CPU.ActiveCfg = Release|Any CPU
		{C6B2AD09-51F6-40CC-A3DA-C7389D2BD7DD}.Release|Any CPU.Build.0 = Release|Any CPU
		{339BCC63-998F-487A-8CA9-5B1CD19E61D0}.Debug|Any CPU.ActiveCfg = Debug|Any CPU
		{339BCC63-998F-487A-8CA9-5B1CD19E61D0}.Debug|Any CPU.Build.0 = Debug|Any CPU
		{339BCC63-998F-487A-8CA9-5B1CD19E61D0}.Release|Any CPU.ActiveCfg = Release|Any CPU
		{339BCC63-998F-487A-8CA9-5B1CD19E61D0}.Release|Any CPU.Build.0 = Release|Any CPU
		{6FC83B9C-BEB2-4807-9DE5-525F6613B285}.Debug|Any CPU.ActiveCfg = Debug|Any CPU
		{6FC83B9C-BEB2-4807-9DE5-525F6613B285}.Debug|Any CPU.Build.0 = Debug|Any CPU
		{6FC83B9C-BEB2-4807-9DE5-525F6613B285}.Release|Any CPU.ActiveCfg = Release|Any CPU
		{6FC83B9C-BEB2-4807-9DE5-525F6613B285}.Release|Any CPU.Build.0 = Release|Any CPU
		{425B6FC7-5F92-43CE-A0B3-9ACCD78E79E3}.Debug|Any CPU.ActiveCfg = Debug|Any CPU
		{425B6FC7-5F92-43CE-A0B3-9ACCD78E79E3}.Debug|Any CPU.Build.0 = Debug|Any CPU
		{425B6FC7-5F92-43CE-A0B3-9ACCD78E79E3}.Release|Any CPU.ActiveCfg = Release|Any CPU
		{425B6FC7-5F92-43CE-A0B3-9ACCD78E79E3}.Release|Any CPU.Build.0 = Release|Any CPU
		{0C54063F-0C73-4C63-8181-FCC5EB2DD138}.Debug|Any CPU.ActiveCfg = Debug|Any CPU
		{0C54063F-0C73-4C63-8181-FCC5EB2DD138}.Debug|Any CPU.Build.0 = Debug|Any CPU
		{0C54063F-0C73-4C63-8181-FCC5EB2DD138}.Release|Any CPU.ActiveCfg = Release|Any CPU
		{0C54063F-0C73-4C63-8181-FCC5EB2DD138}.Release|Any CPU.Build.0 = Release|Any CPU
		{7BE7933C-828A-4915-9E5B-8F546F9BD90A}.Debug|Any CPU.ActiveCfg = Debug|Any CPU
		{7BE7933C-828A-4915-9E5B-8F546F9BD90A}.Debug|Any CPU.Build.0 = Debug|Any CPU
		{7BE7933C-828A-4915-9E5B-8F546F9BD90A}.Release|Any CPU.ActiveCfg = Release|Any CPU
		{7BE7933C-828A-4915-9E5B-8F546F9BD90A}.Release|Any CPU.Build.0 = Release|Any CPU
		{E6BD1C98-6792-4EEF-B51E-2E5C269AA2A2}.Debug|Any CPU.ActiveCfg = Debug|Any CPU
		{E6BD1C98-6792-4EEF-B51E-2E5C269AA2A2}.Debug|Any CPU.Build.0 = Debug|Any CPU
		{E6BD1C98-6792-4EEF-B51E-2E5C269AA2A2}.Release|Any CPU.ActiveCfg = Release|Any CPU
		{E6BD1C98-6792-4EEF-B51E-2E5C269AA2A2}.Release|Any CPU.Build.0 = Release|Any CPU
		{5924FA67-6756-417E-88E3-BF7C9E54AD91}.Debug|Any CPU.ActiveCfg = Debug|Any CPU
		{5924FA67-6756-417E-88E3-BF7C9E54AD91}.Debug|Any CPU.Build.0 = Debug|Any CPU
		{5924FA67-6756-417E-88E3-BF7C9E54AD91}.Release|Any CPU.ActiveCfg = Release|Any CPU
		{5924FA67-6756-417E-88E3-BF7C9E54AD91}.Release|Any CPU.Build.0 = Release|Any CPU
		{DE441B71-D375-410A-B2D2-AB73E8A8F8F8}.Debug|Any CPU.ActiveCfg = Debug|Any CPU
		{DE441B71-D375-410A-B2D2-AB73E8A8F8F8}.Debug|Any CPU.Build.0 = Debug|Any CPU
		{DE441B71-D375-410A-B2D2-AB73E8A8F8F8}.Release|Any CPU.ActiveCfg = Release|Any CPU
		{DE441B71-D375-410A-B2D2-AB73E8A8F8F8}.Release|Any CPU.Build.0 = Release|Any CPU
		{6A860A24-4F64-45AF-AEC9-571A1D43067D}.Debug|Any CPU.ActiveCfg = Debug|Any CPU
		{6A860A24-4F64-45AF-AEC9-571A1D43067D}.Debug|Any CPU.Build.0 = Debug|Any CPU
		{6A860A24-4F64-45AF-AEC9-571A1D43067D}.Release|Any CPU.ActiveCfg = Release|Any CPU
		{6A860A24-4F64-45AF-AEC9-571A1D43067D}.Release|Any CPU.Build.0 = Release|Any CPU
		{D4822BA9-7F68-4F76-A192-840EE3867F5D}.Debug|Any CPU.ActiveCfg = Debug|Any CPU
		{D4822BA9-7F68-4F76-A192-840EE3867F5D}.Debug|Any CPU.Build.0 = Debug|Any CPU
		{D4822BA9-7F68-4F76-A192-840EE3867F5D}.Release|Any CPU.ActiveCfg = Release|Any CPU
		{D4822BA9-7F68-4F76-A192-840EE3867F5D}.Release|Any CPU.Build.0 = Release|Any CPU
git	EndGlobalSection
	GlobalSection(SolutionProperties) = preSolution
		HideSolutionNode = FALSE
	EndGlobalSection
	GlobalSection(NestedProjects) = preSolution
		{F43947B9-0296-D70D-8E35-C807B831520D} = {5854FF58-B8C5-05C6-5BF2-ACE42193F22B}
		{C3C5B238-4E99-4834-9167-34D4CCE3A696} = {5854FF58-B8C5-05C6-5BF2-ACE42193F22B}
		{F7336A94-F8F5-4D1C-9B9E-02704319EEE9} = {5854FF58-B8C5-05C6-5BF2-ACE42193F22B}
		{E6BD1C98-6792-4EEF-B51E-2E5C269AA2A2} = {5854FF58-B8C5-05C6-5BF2-ACE42193F22B}
		{DE441B71-D375-410A-B2D2-AB73E8A8F8F8} = {5854FF58-B8C5-05C6-5BF2-ACE42193F22B}
		{6A860A24-4F64-45AF-AEC9-571A1D43067D} = {3F509FC2-181F-4086-9481-4D7938C7726D}
		{5924FA67-6756-417E-88E3-BF7C9E54AD91} = {3F509FC2-181F-4086-9481-4D7938C7726D}
		{C6B2AD09-51F6-40CC-A3DA-C7389D2BD7DD} = {3F509FC2-181F-4086-9481-4D7938C7726D}
		{339BCC63-998F-487A-8CA9-5B1CD19E61D0} = {3F509FC2-181F-4086-9481-4D7938C7726D}
		{D4822BA9-7F68-4F76-A192-840EE3867F5D} = {3F509FC2-181F-4086-9481-4D7938C7726D}
	EndGlobalSection
	GlobalSection(ExtensibilityGlobals) = postSolution
		SolutionGuid = {3191AA55-F0D0-42B6-838F-4471BE437013}
	EndGlobalSection
EndGlobal
